
Microsoft Visual Studio Solution File, Format Version 12.00
# Visual Studio Version 17
VisualStudioVersion = 17.0.31903.59
MinimumVisualStudioVersion = 10.0.40219.1
Project("{2150E333-8FDC-42A3-9474-1A3956D46DE8}") = "src", "src", "{1E41CB36-5312-4E67-BBCF-DF79C393A6EB}"
EndProject
Project("{9A19103F-16F7-4668-BE54-9A1E7A4F7556}") = "DotNetBoilerplate.Api", "src\DotNetBoilerplate.Api\DotNetBoilerplate.Api.csproj", "{361D52B3-4609-42B3-AA5B-BE70C20F8078}"
EndProject
Project("{9A19103F-16F7-4668-BE54-9A1E7A4F7556}") = "DotNetBoilerplate.Infrastructure", "src\DotNetBoilerplate.Infrastructure\DotNetBoilerplate.Infrastructure.csproj", "{CC98439B-5ECC-4F83-9C99-0E2B0086684C}"
EndProject
Project("{9A19103F-16F7-4668-BE54-9A1E7A4F7556}") = "DotNetBoilerplate.Application", "src\DotNetBoilerplate.Application\DotNetBoilerplate.Application.csproj", "{C9EABD80-C7E4-44AE-83C2-AC2FDE995759}"
EndProject
Project("{9A19103F-16F7-4668-BE54-9A1E7A4F7556}") = "DotNetBoilerplate.Core", "src\DotNetBoilerplate.Core\DotNetBoilerplate.Core.csproj", "{7FF0B433-CF5F-416C-97B3-1700F03DE1C1}"
EndProject
Project("{2150E333-8FDC-42A3-9474-1A3956D46DE8}") = "Shared", "Shared", "{E3176255-03DF-40AC-99FF-D60ACD397B04}"
EndProject
Project("{9A19103F-16F7-4668-BE54-9A1E7A4F7556}") = "DotnetBoilerplate.Shared.Abstractions", "src\DotnetBoilerplate.Shared.Abstractions\DotnetBoilerplate.Shared.Abstractions.csproj", "{BBBB3CFE-4BD3-4455-8245-D5C83CEB60EC}"
EndProject
Project("{9A19103F-16F7-4668-BE54-9A1E7A4F7556}") = "DotNetBoilerplate.Shared", "src\DotNetBoilerplate.Shared\DotNetBoilerplate.Shared.csproj", "{592EF335-3D38-4EC4-B673-1384A918BCCB}"
EndProject
Project("{2150E333-8FDC-42A3-9474-1A3956D46DE8}") = "tests", "tests", "{43C08FEF-CC60-4FBF-A767-11E72EC5EDA4}"
EndProject
Project("{9A19103F-16F7-4668-BE54-9A1E7A4F7556}") = "DotNetBoilerplate.Tests.Integration", "tests\DotNetBoilerplate.Tests.Integration\DotNetBoilerplate.Tests.Integration.csproj", "{BAB51DD0-7955-4FF5-A1B3-FF66BBA92C90}"
EndProject
Project("{FAE04EC0-301F-11D3-BF4B-00C04F79EFBC}") = "DotNetBoilerplate.Tests.Unit", "tests\DotNetBoilerplate.Tests.Unit\DotNetBoilerplate.Tests.Unit.csproj", "{D102AD77-B151-4CAD-8994-5A146097FC86}"
EndProject
Global
	GlobalSection(SolutionConfigurationPlatforms) = preSolution
		Debug|Any CPU = Debug|Any CPU
		Release|Any CPU = Release|Any CPU
	EndGlobalSection
	GlobalSection(ProjectConfigurationPlatforms) = postSolution
		{361D52B3-4609-42B3-AA5B-BE70C20F8078}.Debug|Any CPU.ActiveCfg = Debug|Any CPU
		{361D52B3-4609-42B3-AA5B-BE70C20F8078}.Debug|Any CPU.Build.0 = Debug|Any CPU
		{361D52B3-4609-42B3-AA5B-BE70C20F8078}.Release|Any CPU.ActiveCfg = Release|Any CPU
		{361D52B3-4609-42B3-AA5B-BE70C20F8078}.Release|Any CPU.Build.0 = Release|Any CPU
		{CC98439B-5ECC-4F83-9C99-0E2B0086684C}.Debug|Any CPU.ActiveCfg = Debug|Any CPU
		{CC98439B-5ECC-4F83-9C99-0E2B0086684C}.Debug|Any CPU.Build.0 = Debug|Any CPU
		{CC98439B-5ECC-4F83-9C99-0E2B0086684C}.Release|Any CPU.ActiveCfg = Release|Any CPU
		{CC98439B-5ECC-4F83-9C99-0E2B0086684C}.Release|Any CPU.Build.0 = Release|Any CPU
		{C9EABD80-C7E4-44AE-83C2-AC2FDE995759}.Debug|Any CPU.ActiveCfg = Debug|Any CPU
		{C9EABD80-C7E4-44AE-83C2-AC2FDE995759}.Debug|Any CPU.Build.0 = Debug|Any CPU
		{C9EABD80-C7E4-44AE-83C2-AC2FDE995759}.Release|Any CPU.ActiveCfg = Release|Any CPU
		{C9EABD80-C7E4-44AE-83C2-AC2FDE995759}.Release|Any CPU.Build.0 = Release|Any CPU
		{7FF0B433-CF5F-416C-97B3-1700F03DE1C1}.Debug|Any CPU.ActiveCfg = Debug|Any CPU
		{7FF0B433-CF5F-416C-97B3-1700F03DE1C1}.Debug|Any CPU.Build.0 = Debug|Any CPU
		{7FF0B433-CF5F-416C-97B3-1700F03DE1C1}.Release|Any CPU.ActiveCfg = Release|Any CPU
		{7FF0B433-CF5F-416C-97B3-1700F03DE1C1}.Release|Any CPU.Build.0 = Release|Any CPU
		{BBBB3CFE-4BD3-4455-8245-D5C83CEB60EC}.Debug|Any CPU.ActiveCfg = Debug|Any CPU
		{BBBB3CFE-4BD3-4455-8245-D5C83CEB60EC}.Debug|Any CPU.Build.0 = Debug|Any CPU
		{BBBB3CFE-4BD3-4455-8245-D5C83CEB60EC}.Release|Any CPU.ActiveCfg = Release|Any CPU
		{BBBB3CFE-4BD3-4455-8245-D5C83CEB60EC}.Release|Any CPU.Build.0 = Release|Any CPU
		{592EF335-3D38-4EC4-B673-1384A918BCCB}.Debug|Any CPU.ActiveCfg = Debug|Any CPU
		{592EF335-3D38-4EC4-B673-1384A918BCCB}.Debug|Any CPU.Build.0 = Debug|Any CPU
		{592EF335-3D38-4EC4-B673-1384A918BCCB}.Release|Any CPU.ActiveCfg = Release|Any CPU
		{592EF335-3D38-4EC4-B673-1384A918BCCB}.Release|Any CPU.Build.0 = Release|Any CPU
		{BAB51DD0-7955-4FF5-A1B3-FF66BBA92C90}.Debug|Any CPU.ActiveCfg = Debug|Any CPU
		{BAB51DD0-7955-4FF5-A1B3-FF66BBA92C90}.Debug|Any CPU.Build.0 = Debug|Any CPU
		{BAB51DD0-7955-4FF5-A1B3-FF66BBA92C90}.Release|Any CPU.ActiveCfg = Release|Any CPU
		{BAB51DD0-7955-4FF5-A1B3-FF66BBA92C90}.Release|Any CPU.Build.0 = Release|Any CPU
		{D102AD77-B151-4CAD-8994-5A146097FC86}.Debug|Any CPU.ActiveCfg = Debug|Any CPU
		{D102AD77-B151-4CAD-8994-5A146097FC86}.Debug|Any CPU.Build.0 = Debug|Any CPU
		{D102AD77-B151-4CAD-8994-5A146097FC86}.Release|Any CPU.ActiveCfg = Release|Any CPU
		{D102AD77-B151-4CAD-8994-5A146097FC86}.Release|Any CPU.Build.0 = Release|Any CPU
	EndGlobalSection
	GlobalSection(SolutionProperties) = preSolution
		HideSolutionNode = FALSE
	EndGlobalSection
	GlobalSection(NestedProjects) = preSolution
		{361D52B3-4609-42B3-AA5B-BE70C20F8078} = {1E41CB36-5312-4E67-BBCF-DF79C393A6EB}
		{CC98439B-5ECC-4F83-9C99-0E2B0086684C} = {1E41CB36-5312-4E67-BBCF-DF79C393A6EB}
		{C9EABD80-C7E4-44AE-83C2-AC2FDE995759} = {1E41CB36-5312-4E67-BBCF-DF79C393A6EB}
		{7FF0B433-CF5F-416C-97B3-1700F03DE1C1} = {1E41CB36-5312-4E67-BBCF-DF79C393A6EB}
		{E3176255-03DF-40AC-99FF-D60ACD397B04} = {1E41CB36-5312-4E67-BBCF-DF79C393A6EB}
		{BBBB3CFE-4BD3-4455-8245-D5C83CEB60EC} = {E3176255-03DF-40AC-99FF-D60ACD397B04}
		{592EF335-3D38-4EC4-B673-1384A918BCCB} = {E3176255-03DF-40AC-99FF-D60ACD397B04}
		{BAB51DD0-7955-4FF5-A1B3-FF66BBA92C90} = {43C08FEF-CC60-4FBF-A767-11E72EC5EDA4}
		{D102AD77-B151-4CAD-8994-5A146097FC86} = {43C08FEF-CC60-4FBF-A767-11E72EC5EDA4}
	EndGlobalSection
	GlobalSection(ExtensibilityGlobals) = postSolution
		SolutionGuid = {5F088F54-2A2F-4304-AEDC-4554173DCB4C}
	EndGlobalSection
EndGlobal
